# This file is generated by running "yarn install" inside your project.
# Manual changes might be lost - proceed with caution!

__metadata:
  version: 6
  cacheKey: 8

"@esbuild/aix-ppc64@npm:0.25.10":
  version: 0.25.10
  resolution: "@esbuild/aix-ppc64@npm:0.25.10"
  conditions: os=aix & cpu=ppc64
  languageName: node
  linkType: hard

"@esbuild/android-arm64@npm:0.25.10":
  version: 0.25.10
  resolution: "@esbuild/android-arm64@npm:0.25.10"
  conditions: os=android & cpu=arm64
  languageName: node
  linkType: hard

"@esbuild/android-arm@npm:0.25.10":
  version: 0.25.10
  resolution: "@esbuild/android-arm@npm:0.25.10"
  conditions: os=android & cpu=arm
  languageName: node
  linkType: hard

"@esbuild/android-x64@npm:0.25.10":
  version: 0.25.10
  resolution: "@esbuild/android-x64@npm:0.25.10"
  conditions: os=android & cpu=x64
  languageName: node
  linkType: hard

"@esbuild/darwin-arm64@npm:0.25.10":
  version: 0.25.10
  resolution: "@esbuild/darwin-arm64@npm:0.25.10"
  conditions: os=darwin & cpu=arm64
  languageName: node
  linkType: hard

"@esbuild/darwin-x64@npm:0.25.10":
  version: 0.25.10
  resolution: "@esbuild/darwin-x64@npm:0.25.10"
  conditions: os=darwin & cpu=x64
  languageName: node
  linkType: hard

"@esbuild/freebsd-arm64@npm:0.25.10":
  version: 0.25.10
  resolution: "@esbuild/freebsd-arm64@npm:0.25.10"
  conditions: os=freebsd & cpu=arm64
  languageName: node
  linkType: hard

"@esbuild/freebsd-x64@npm:0.25.10":
  version: 0.25.10
  resolution: "@esbuild/freebsd-x64@npm:0.25.10"
  conditions: os=freebsd & cpu=x64
  languageName: node
  linkType: hard

"@esbuild/linux-arm64@npm:0.25.10":
  version: 0.25.10
  resolution: "@esbuild/linux-arm64@npm:0.25.10"
  conditions: os=linux & cpu=arm64
  languageName: node
  linkType: hard

"@esbuild/linux-arm@npm:0.25.10":
  version: 0.25.10
  resolution: "@esbuild/linux-arm@npm:0.25.10"
  conditions: os=linux & cpu=arm
  languageName: node
  linkType: hard

"@esbuild/linux-ia32@npm:0.25.10":
  version: 0.25.10
  resolution: "@esbuild/linux-ia32@npm:0.25.10"
  conditions: os=linux & cpu=ia32
  languageName: node
  linkType: hard

"@esbuild/linux-loong64@npm:0.25.10":
  version: 0.25.10
  resolution: "@esbuild/linux-loong64@npm:0.25.10"
  conditions: os=linux & cpu=loong64
  languageName: node
  linkType: hard

"@esbuild/linux-mips64el@npm:0.25.10":
  version: 0.25.10
  resolution: "@esbuild/linux-mips64el@npm:0.25.10"
  conditions: os=linux & cpu=mips64el
  languageName: node
  linkType: hard

"@esbuild/linux-ppc64@npm:0.25.10":
  version: 0.25.10
  resolution: "@esbuild/linux-ppc64@npm:0.25.10"
  conditions: os=linux & cpu=ppc64
  languageName: node
  linkType: hard

"@esbuild/linux-riscv64@npm:0.25.10":
  version: 0.25.10
  resolution: "@esbuild/linux-riscv64@npm:0.25.10"
  conditions: os=linux & cpu=riscv64
  languageName: node
  linkType: hard

"@esbuild/linux-s390x@npm:0.25.10":
  version: 0.25.10
  resolution: "@esbuild/linux-s390x@npm:0.25.10"
  conditions: os=linux & cpu=s390x
  languageName: node
  linkType: hard

"@esbuild/linux-x64@npm:0.25.10":
  version: 0.25.10
  resolution: "@esbuild/linux-x64@npm:0.25.10"
  conditions: os=linux & cpu=x64
  languageName: node
  linkType: hard

"@esbuild/netbsd-arm64@npm:0.25.10":
  version: 0.25.10
  resolution: "@esbuild/netbsd-arm64@npm:0.25.10"
  conditions: os=netbsd & cpu=arm64
  languageName: node
  linkType: hard

"@esbuild/netbsd-x64@npm:0.25.10":
  version: 0.25.10
  resolution: "@esbuild/netbsd-x64@npm:0.25.10"
  conditions: os=netbsd & cpu=x64
  languageName: node
  linkType: hard

"@esbuild/openbsd-arm64@npm:0.25.10":
  version: 0.25.10
  resolution: "@esbuild/openbsd-arm64@npm:0.25.10"
  conditions: os=openbsd & cpu=arm64
  languageName: node
  linkType: hard

"@esbuild/openbsd-x64@npm:0.25.10":
  version: 0.25.10
  resolution: "@esbuild/openbsd-x64@npm:0.25.10"
  conditions: os=openbsd & cpu=x64
  languageName: node
  linkType: hard

"@esbuild/openharmony-arm64@npm:0.25.10":
  version: 0.25.10
  resolution: "@esbuild/openharmony-arm64@npm:0.25.10"
  conditions: os=openharmony & cpu=arm64
  languageName: node
  linkType: hard

"@esbuild/sunos-x64@npm:0.25.10":
  version: 0.25.10
  resolution: "@esbuild/sunos-x64@npm:0.25.10"
  conditions: os=sunos & cpu=x64
  languageName: node
  linkType: hard

"@esbuild/win32-arm64@npm:0.25.10":
  version: 0.25.10
  resolution: "@esbuild/win32-arm64@npm:0.25.10"
  conditions: os=win32 & cpu=arm64
  languageName: node
  linkType: hard

"@esbuild/win32-ia32@npm:0.25.10":
  version: 0.25.10
  resolution: "@esbuild/win32-ia32@npm:0.25.10"
  conditions: os=win32 & cpu=ia32
  languageName: node
  linkType: hard

"@esbuild/win32-x64@npm:0.25.10":
  version: 0.25.10
  resolution: "@esbuild/win32-x64@npm:0.25.10"
  conditions: os=win32 & cpu=x64
  languageName: node
  linkType: hard

"@hotwired/stimulus@npm:^3.2.2":
  version: 3.2.2
  resolution: "@hotwired/stimulus@npm:3.2.2"
  checksum: e0c13469df89f760f35cce0fd7af5f7eeabd4ff79c4ad2b05fe7d8d7b845818c6736c3cd515c1906e144aa27529d5a60377647937b756950b4f709be329c9046
  languageName: node
  linkType: hard

"@hotwired/turbo-rails@npm:^8.0.16":
  version: 8.0.16
  resolution: "@hotwired/turbo-rails@npm:8.0.16"
  dependencies:
    "@hotwired/turbo": ^8.0.13
    "@rails/actioncable": ">=7.0"
  checksum: f75eff223b1d9efdc98559a630c25f56705528c8509f80718cbdb0867fe5696b10b16718cd3a007a3e611d77dab60a10720de1fc661ec29e77d8fc79208e8247
  languageName: node
  linkType: hard

"@hotwired/turbo@npm:^8.0.13":
  version: 8.0.13
  resolution: "@hotwired/turbo@npm:8.0.13"
  checksum: 599382b3f840980d5dc360108cd0f9d70b4d3686fd3e1cf0e5816a5162e0d38d0447fd384d0fe0ff6ffd147db1e0ba0f79ccd71aa9378f2801d3870f562f0015
  languageName: node
  linkType: hard

"@prettier/plugin-ruby@npm:^1.6.1":
  version: 1.6.1
  resolution: "@prettier/plugin-ruby@npm:1.6.1"
  dependencies:
    prettier: ">=1.10"
  checksum: 187be5dac9b1f622e3ee2062e60bb466bacb808c1bb647e3337e159711b6a1c665eb98a06aa5bfc4344e652f92c1ab5ca65c04e9efe6a80bf0ef9bc89d2030e5
  languageName: node
  linkType: hard

"@rails/actioncable@npm:>=7.0":
  version: 8.0.300
  resolution: "@rails/actioncable@npm:8.0.300"
  checksum: 5fb06761a41b4959af883649d46bd120a6a3fa71d93954b0c8b4004041b6285d5fffb093ed954c70891ad4d090cd623da5bdc4da014675f062e9c1e2855075dc
  languageName: node
  linkType: hard

"app@workspace:.":
  version: 0.0.0-use.local
  resolution: "app@workspace:."
  dependencies:
    "@hotwired/stimulus": ^3.2.2
    "@hotwired/turbo-rails": ^8.0.16
    "@prettier/plugin-ruby": ^1.6.1
    esbuild: ^0.25.10
    prettier: ^2.2.1
    prettier-plugin-erb: ^0.4.0
  languageName: unknown
  linkType: soft

"esbuild@npm:^0.25.10":
  version: 0.25.10
  resolution: "esbuild@npm:0.25.10"
  dependencies:
    "@esbuild/aix-ppc64": 0.25.10
    "@esbuild/android-arm": 0.25.10
    "@esbuild/android-arm64": 0.25.10
    "@esbuild/android-x64": 0.25.10
    "@esbuild/darwin-arm64": 0.25.10
    "@esbuild/darwin-x64": 0.25.10
    "@esbuild/freebsd-arm64": 0.25.10
    "@esbuild/freebsd-x64": 0.25.10
    "@esbuild/linux-arm": 0.25.10
    "@esbuild/linux-arm64": 0.25.10
    "@esbuild/linux-ia32": 0.25.10
    "@esbuild/linux-loong64": 0.25.10
    "@esbuild/linux-mips64el": 0.25.10
    "@esbuild/linux-ppc64": 0.25.10
    "@esbuild/linux-riscv64": 0.25.10
    "@esbuild/linux-s390x": 0.25.10
    "@esbuild/linux-x64": 0.25.10
    "@esbuild/netbsd-arm64": 0.25.10
    "@esbuild/netbsd-x64": 0.25.10
    "@esbuild/openbsd-arm64": 0.25.10
    "@esbuild/openbsd-x64": 0.25.10
    "@esbuild/openharmony-arm64": 0.25.10
    "@esbuild/sunos-x64": 0.25.10
    "@esbuild/win32-arm64": 0.25.10
    "@esbuild/win32-ia32": 0.25.10
    "@esbuild/win32-x64": 0.25.10
  dependenciesMeta:
    "@esbuild/aix-ppc64":
      optional: true
    "@esbuild/android-arm":
      optional: true
    "@esbuild/android-arm64":
      optional: true
    "@esbuild/android-x64":
      optional: true
    "@esbuild/darwin-arm64":
      optional: true
    "@esbuild/darwin-x64":
      optional: true
    "@esbuild/freebsd-arm64":
      optional: true
    "@esbuild/freebsd-x64":
      optional: true
    "@esbuild/linux-arm":
      optional: true
    "@esbuild/linux-arm64":
      optional: true
    "@esbuild/linux-ia32":
      optional: true
    "@esbuild/linux-loong64":
      optional: true
    "@esbuild/linux-mips64el":
      optional: true
    "@esbuild/linux-ppc64":
      optional: true
    "@esbuild/linux-riscv64":
      optional: true
    "@esbuild/linux-s390x":
      optional: true
    "@esbuild/linux-x64":
      optional: true
    "@esbuild/netbsd-arm64":
      optional: true
    "@esbuild/netbsd-x64":
      optional: true
    "@esbuild/openbsd-arm64":
      optional: true
    "@esbuild/openbsd-x64":
      optional: true
    "@esbuild/openharmony-arm64":
      optional: true
    "@esbuild/sunos-x64":
      optional: true
    "@esbuild/win32-arm64":
      optional: true
    "@esbuild/win32-ia32":
      optional: true
    "@esbuild/win32-x64":
      optional: true
  bin:
    esbuild: bin/esbuild
  checksum: 1e7f8a3b3eaf3af3e260bd4a815f5b8c8a9fc9cbd640d05585a22df23381017dd41859ef7c5a36678416751c3056c88b6313f481736be8610d3524a5711e5655
  languageName: node
  linkType: hard

"prettier-html-templates@npm:^0.1.0":
  version: 0.1.0
  resolution: "prettier-html-templates@npm:0.1.0"
  peerDependencies:
    prettier: ^2.0.0
  checksum: 4bb562859154a8e0a35b0142d5093c06b4a2a1cd5e938869f0406cafedb31a2b982ecabd30bfa399be12419a26430a7d8902e187b767ece62c52f668396a2060
  languageName: node
  linkType: hard

"prettier-plugin-erb@npm:^0.4.0":
  version: 0.4.0
  resolution: "prettier-plugin-erb@npm:0.4.0"
  dependencies:
    prettier-html-templates: ^0.1.0
  peerDependencies:
    "@prettier/plugin-ruby": ^1.0.0
    prettier: ">=2.0.0 <2.3"
  checksum: bf31ffd3293d75378874e5cfcb52933137fbda0bced3fcd9f595ef68f1c145e80c77f587b876610872a0f3ddd5f24f839831a33e0f6c4c06a24bd9bf8f023ed9
  languageName: node
  linkType: hard

"prettier@npm:>=1.10, prettier@npm:^2.2.1":
  version: 2.2.1
  resolution: "prettier@npm:2.2.1"
  bin:
    prettier: bin-prettier.js
  checksum: 800de2df3d37067ab24478c7f32c60ca0c57b01742133287829feeb4a70d239a7bf6bccb56196784777af591ad80fb9ba70c1a49b0fcecf9f5622a764d513edb
  languageName: node
  linkType: hard
